// !$*UTF8*$!
{
	archiveVersion = 1;
	classes = {
	};
	objectVersion = 46;
	objects = {

/* Begin PBXBuildFile section */
		B011BC66D06FFF2A6EFAFB1F /* libPods-BooksSearcher.a in Frameworks */ = {isa = PBXBuildFile; fileRef = 9EE58B36EA97DF12FE565367 /* libPods-BooksSearcher.a */; };
		D28866011C82C25800E05A0C /* main.m in Sources */ = {isa = PBXBuildFile; fileRef = D28866001C82C25800E05A0C /* main.m */; };
		D28866041C82C25800E05A0C /* AppDelegate.m in Sources */ = {isa = PBXBuildFile; fileRef = D28866031C82C25800E05A0C /* AppDelegate.m */; };
		D288660A1C82C25800E05A0C /* Main.storyboard in Resources */ = {isa = PBXBuildFile; fileRef = D28866081C82C25800E05A0C /* Main.storyboard */; };
		D288660C1C82C25800E05A0C /* Assets.xcassets in Resources */ = {isa = PBXBuildFile; fileRef = D288660B1C82C25800E05A0C /* Assets.xcassets */; };
		D288660F1C82C25800E05A0C /* LaunchScreen.storyboard in Resources */ = {isa = PBXBuildFile; fileRef = D288660D1C82C25800E05A0C /* LaunchScreen.storyboard */; };
		D28866181C82C2D400E05A0C /* BooksSearchTableViewController.m in Sources */ = {isa = PBXBuildFile; fileRef = D28866171C82C2D400E05A0C /* BooksSearchTableViewController.m */; };
		D288661C1C82C2FC00E05A0C /* Book.m in Sources */ = {isa = PBXBuildFile; fileRef = D288661B1C82C2FC00E05A0C /* Book.m */; };
		D288661F1C82C31C00E05A0C /* BookTableViewCell.m in Sources */ = {isa = PBXBuildFile; fileRef = D288661E1C82C31C00E05A0C /* BookTableViewCell.m */; };
		D28866221C82C34600E05A0C /* BooksSearchTableViewModel.m in Sources */ = {isa = PBXBuildFile; fileRef = D28866211C82C34600E05A0C /* BooksSearchTableViewModel.m */; };
		D28866291C82C3BC00E05A0C /* BooksSearchService.m in Sources */ = {isa = PBXBuildFile; fileRef = D28866281C82C3BC00E05A0C /* BooksSearchService.m */; };
		D288662C1C82C8FA00E05A0C /* BookTableViewCellModel.m in Sources */ = {isa = PBXBuildFile; fileRef = D288662B1C82C8FA00E05A0C /* BookTableViewCellModel.m */; };
/* End PBXBuildFile section */

/* Begin PBXFileReference section */
		9EE58B36EA97DF12FE565367 /* libPods-BooksSearcher.a */ = {isa = PBXFileReference; explicitFileType = archive.ar; includeInIndex = 0; path = "libPods-BooksSearcher.a"; sourceTree = BUILT_PRODUCTS_DIR; };
		CBA3E3C0DADA227C2209A73D /* Pods-BooksSearcher.debug.xcconfig */ = {isa = PBXFileReference; includeInIndex = 1; lastKnownFileType = text.xcconfig; name = "Pods-BooksSearcher.debug.xcconfig"; path = "Pods/Target Support Files/Pods-BooksSearcher/Pods-BooksSearcher.debug.xcconfig"; sourceTree = "<group>"; };
		D28865FC1C82C25800E05A0C /* BooksSearcher.app */ = {isa = PBXFileReference; explicitFileType = wrapper.application; includeInIndex = 0; path = BooksSearcher.app; sourceTree = BUILT_PRODUCTS_DIR; };
		D28866001C82C25800E05A0C /* main.m */ = {isa = PBXFileReference; lastKnownFileType = sourcecode.c.objc; path = main.m; sourceTree = "<group>"; };
		D28866021C82C25800E05A0C /* AppDelegate.h */ = {isa = PBXFileReference; lastKnownFileType = sourcecode.c.h; path = AppDelegate.h; sourceTree = "<group>"; };
		D28866031C82C25800E05A0C /* AppDelegate.m */ = {isa = PBXFileReference; lastKnownFileType = sourcecode.c.objc; path = AppDelegate.m; sourceTree = "<group>"; };
		D28866091C82C25800E05A0C /* Base */ = {isa = PBXFileReference; lastKnownFileType = file.storyboard; name = Base; path = Base.lproj/Main.storyboard; sourceTree = "<group>"; };
		D288660B1C82C25800E05A0C /* Assets.xcassets */ = {isa = PBXFileReference; lastKnownFileType = folder.assetcatalog; path = Assets.xcassets; sourceTree = "<group>"; };
		D288660E1C82C25800E05A0C /* Base */ = {isa = PBXFileReference; lastKnownFileType = file.storyboard; name = Base; path = Base.lproj/LaunchScreen.storyboard; sourceTree = "<group>"; };
		D28866101C82C25800E05A0C /* Info.plist */ = {isa = PBXFileReference; lastKnownFileType = text.plist.xml; path = Info.plist; sourceTree = "<group>"; };
		D28866161C82C2D400E05A0C /* BooksSearchTableViewController.h */ = {isa = PBXFileReference; fileEncoding = 4; lastKnownFileType = sourcecode.c.h; path = BooksSearchTableViewController.h; sourceTree = "<group>"; };
		D28866171C82C2D400E05A0C /* BooksSearchTableViewController.m */ = {isa = PBXFileReference; fileEncoding = 4; lastKnownFileType = sourcecode.c.objc; path = BooksSearchTableViewController.m; sourceTree = "<group>"; };
		D288661A1C82C2FC00E05A0C /* Book.h */ = {isa = PBXFileReference; fileEncoding = 4; lastKnownFileType = sourcecode.c.h; path = Book.h; sourceTree = "<group>"; };
		D288661B1C82C2FC00E05A0C /* Book.m */ = {isa = PBXFileReference; fileEncoding = 4; lastKnownFileType = sourcecode.c.objc; path = Book.m; sourceTree = "<group>"; };
		D288661D1C82C31C00E05A0C /* BookTableViewCell.h */ = {isa = PBXFileReference; fileEncoding = 4; lastKnownFileType = sourcecode.c.h; path = BookTableViewCell.h; sourceTree = "<group>"; };
		D288661E1C82C31C00E05A0C /* BookTableViewCell.m */ = {isa = PBXFileReference; fileEncoding = 4; lastKnownFileType = sourcecode.c.objc; path = BookTableViewCell.m; sourceTree = "<group>"; };
		D28866201C82C34600E05A0C /* BooksSearchTableViewModel.h */ = {isa = PBXFileReference; fileEncoding = 4; lastKnownFileType = sourcecode.c.h; path = BooksSearchTableViewModel.h; sourceTree = "<group>"; };
		D28866211C82C34600E05A0C /* BooksSearchTableViewModel.m */ = {isa = PBXFileReference; fileEncoding = 4; lastKnownFileType = sourcecode.c.objc; path = BooksSearchTableViewModel.m; sourceTree = "<group>"; };
		D28866271C82C3BC00E05A0C /* BooksSearchService.h */ = {isa = PBXFileReference; fileEncoding = 4; lastKnownFileType = sourcecode.c.h; path = BooksSearchService.h; sourceTree = "<group>"; };
		D28866281C82C3BC00E05A0C /* BooksSearchService.m */ = {isa = PBXFileReference; fileEncoding = 4; lastKnownFileType = sourcecode.c.objc; path = BooksSearchService.m; sourceTree = "<group>"; };
		D288662A1C82C8FA00E05A0C /* BookTableViewCellModel.h */ = {isa = PBXFileReference; fileEncoding = 4; lastKnownFileType = sourcecode.c.h; path = BookTableViewCellModel.h; sourceTree = "<group>"; };
		D288662B1C82C8FA00E05A0C /* BookTableViewCellModel.m */ = {isa = PBXFileReference; fileEncoding = 4; lastKnownFileType = sourcecode.c.objc; path = BookTableViewCellModel.m; sourceTree = "<group>"; };
		F58C6F2D3DDDCD4035ACE5EB /* Pods-BooksSearcher.release.xcconfig */ = {isa = PBXFileReference; includeInIndex = 1; lastKnownFileType = text.xcconfig; name = "Pods-BooksSearcher.release.xcconfig"; path = "Pods/Target Support Files/Pods-BooksSearcher/Pods-BooksSearcher.release.xcconfig"; sourceTree = "<group>"; };
/* End PBXFileReference section */

/* Begin PBXFrameworksBuildPhase section */
		D28865F91C82C25800E05A0C /* Frameworks */ = {
			isa = PBXFrameworksBuildPhase;
			buildActionMask = 2147483647;
			files = (
				B011BC66D06FFF2A6EFAFB1F /* libPods-BooksSearcher.a in Frameworks */,
			);
			runOnlyForDeploymentPostprocessing = 0;
		};
/* End PBXFrameworksBuildPhase section */

/* Begin PBXGroup section */
		0FA8E9FBD0B3696C3449F000 /* Pods */ = {
			isa = PBXGroup;
			children = (
				CBA3E3C0DADA227C2209A73D /* Pods-BooksSearcher.debug.xcconfig */,
				F58C6F2D3DDDCD4035ACE5EB /* Pods-BooksSearcher.release.xcconfig */,
			);
			name = Pods;
			sourceTree = "<group>";
		};
		72F759017B97150159002786 /* Frameworks */ = {
			isa = PBXGroup;
			children = (
				9EE58B36EA97DF12FE565367 /* libPods-BooksSearcher.a */,
			);
			name = Frameworks;
			sourceTree = "<group>";
		};
		D28865F31C82C25800E05A0C = {
			isa = PBXGroup;
			children = (
				D28865FE1C82C25800E05A0C /* BooksSearcher */,
				D28865FD1C82C25800E05A0C /* Products */,
				0FA8E9FBD0B3696C3449F000 /* Pods */,
				72F759017B97150159002786 /* Frameworks */,
			);
			sourceTree = "<group>";
		};
		D28865FD1C82C25800E05A0C /* Products */ = {
			isa = PBXGroup;
			children = (
				D28865FC1C82C25800E05A0C /* BooksSearcher.app */,
			);
			name = Products;
			sourceTree = "<group>";
		};
		D28865FE1C82C25800E05A0C /* BooksSearcher */ = {
			isa = PBXGroup;
			children = (
				D28866251C82C38A00E05A0C /* ViewController */,
				D28866241C82C37F00E05A0C /* View */,
				D28866231C82C36C00E05A0C /* ViewModel */,
				D28866191C82C2E500E05A0C /* Model */,
				D28866261C82C39B00E05A0C /* Service */,
				D28866021C82C25800E05A0C /* AppDelegate.h */,
				D28866031C82C25800E05A0C /* AppDelegate.m */,
				D28866081C82C25800E05A0C /* Main.storyboard */,
				D288660B1C82C25800E05A0C /* Assets.xcassets */,
				D288660D1C82C25800E05A0C /* LaunchScreen.storyboard */,
				D28866101C82C25800E05A0C /* Info.plist */,
				D28865FF1C82C25800E05A0C /* Supporting Files */,
			);
			path = BooksSearcher;
			sourceTree = "<group>";
		};
		D28865FF1C82C25800E05A0C /* Supporting Files */ = {
			isa = PBXGroup;
			children = (
				D28866001C82C25800E05A0C /* main.m */,
			);
			name = "Supporting Files";
			sourceTree = "<group>";
		};
		D28866191C82C2E500E05A0C /* Model */ = {
			isa = PBXGroup;
			children = (
				D288661A1C82C2FC00E05A0C /* Book.h */,
				D288661B1C82C2FC00E05A0C /* Book.m */,
			);
			name = Model;
			sourceTree = "<group>";
		};
		D28866231C82C36C00E05A0C /* ViewModel */ = {
			isa = PBXGroup;
			children = (
				D28866201C82C34600E05A0C /* BooksSearchTableViewModel.h */,
				D28866211C82C34600E05A0C /* BooksSearchTableViewModel.m */,
				D288662A1C82C8FA00E05A0C /* BookTableViewCellModel.h */,
				D288662B1C82C8FA00E05A0C /* BookTableViewCellModel.m */,
			);
			name = ViewModel;
			sourceTree = "<group>";
		};
		D28866241C82C37F00E05A0C /* View */ = {
			isa = PBXGroup;
			children = (
				D288661D1C82C31C00E05A0C /* BookTableViewCell.h */,
				D288661E1C82C31C00E05A0C /* BookTableViewCell.m */,
			);
			name = View;
			sourceTree = "<group>";
		};
		D28866251C82C38A00E05A0C /* ViewController */ = {
			isa = PBXGroup;
			children = (
				D28866161C82C2D400E05A0C /* BooksSearchTableViewController.h */,
				D28866171C82C2D400E05A0C /* BooksSearchTableViewController.m */,
			);
			name = ViewController;
			sourceTree = "<group>";
		};
		D28866261C82C39B00E05A0C /* Service */ = {
			isa = PBXGroup;
			children = (
				D28866271C82C3BC00E05A0C /* BooksSearchService.h */,
				D28866281C82C3BC00E05A0C /* BooksSearchService.m */,
			);
			name = Service;
			sourceTree = "<group>";
		};
/* End PBXGroup section */

/* Begin PBXNativeTarget section */
		D28865FB1C82C25800E05A0C /* BooksSearcher */ = {
			isa = PBXNativeTarget;
			buildConfigurationList = D28866131C82C25800E05A0C /* Build configuration list for PBXNativeTarget "BooksSearcher" */;
			buildPhases = (
				22257DF86F40F262ED49B432 /* Check Pods Manifest.lock */,
				D28865F81C82C25800E05A0C /* Sources */,
				D28865F91C82C25800E05A0C /* Frameworks */,
				D28865FA1C82C25800E05A0C /* Resources */,
				257A28EDF29D9418AAF7399E /* Embed Pods Frameworks */,
				45A1E0543593421C89631104 /* Copy Pods Resources */,
			);
			buildRules = (
			);
			dependencies = (
			);
			name = BooksSearcher;
			productName = BooksSearcher;
			productReference = D28865FC1C82C25800E05A0C /* BooksSearcher.app */;
			productType = "com.apple.product-type.application";
		};
/* End PBXNativeTarget section */

/* Begin PBXProject section */
		D28865F41C82C25800E05A0C /* Project object */ = {
			isa = PBXProject;
			attributes = {
				LastUpgradeCheck = 0710;
				ORGANIZATIONNAME = verazeng;
				TargetAttributes = {
					D28865FB1C82C25800E05A0C = {
						CreatedOnToolsVersion = 7.1.1;
					};
				};
			};
			buildConfigurationList = D28865F71C82C25800E05A0C /* Build configuration list for PBXProject "BooksSearcher" */;
			compatibilityVersion = "Xcode 3.2";
			developmentRegion = English;
			hasScannedForEncodings = 0;
			knownRegions = (
				en,
				Base,
			);
			mainGroup = D28865F31C82C25800E05A0C;
			productRefGroup = D28865FD1C82C25800E05A0C /* Products */;
			projectDirPath = "";
			projectRoot = "";
			targets = (
				D28865FB1C82C25800E05A0C /* BooksSearcher */,
			);
		};
/* End PBXProject section */

/* Begin PBXResourcesBuildPhase section */
		D28865FA1C82C25800E05A0C /* Resources */ = {
			isa = PBXResourcesBuildPhase;
			buildActionMask = 2147483647;
			files = (
				D288660F1C82C25800E05A0C /* LaunchScreen.storyboard in Resources */,
				D288660C1C82C25800E05A0C /* Assets.xcassets in Resources */,
				D288660A1C82C25800E05A0C /* Main.storyboard in Resources */,
			);
			runOnlyForDeploymentPostprocessing = 0;
		};
/* End PBXResourcesBuildPhase section */

/* Begin PBXShellScriptBuildPhase section */
		22257DF86F40F262ED49B432 /* Check Pods Manifest.lock */ = {
			isa = PBXShellScriptBuildPhase;
			buildActionMask = 2147483647;
			files = (
			);
			inputPaths = (
			);
			name = "Check Pods Manifest.lock";
			outputPaths = (
			);
			runOnlyForDeploymentPostprocessing = 0;
			shellPath = /bin/sh;
			shellScript = "diff \"${PODS_ROOT}/../Podfile.lock\" \"${PODS_ROOT}/Manifest.lock\" > /dev/null\nif [[ $? != 0 ]] ; then\n    cat << EOM\nerror: The sandbox is not in sync with the Podfile.lock. Run 'pod install' or update your CocoaPods installation.\nEOM\n    exit 1\nfi\n";
			showEnvVarsInLog = 0;
		};
		257A28EDF29D9418AAF7399E /* Embed Pods Frameworks */ = {
			isa = PBXShellScriptBuildPhase;
			buildActionMask = 2147483647;
			files = (
			);
			inputPaths = (
			);
			name = "Embed Pods Frameworks";
			outputPaths = (
			);
			runOnlyForDeploymentPostprocessing = 0;
			shellPath = /bin/sh;
			shellScript = "\"${SRCROOT}/Pods/Target Support Files/Pods-BooksSearcher/Pods-BooksSearcher-frameworks.sh\"\n";
			showEnvVarsInLog = 0;
		};
		45A1E0543593421C89631104 /* Copy Pods Resources */ = {
			isa = PBXShellScriptBuildPhase;
			buildActionMask = 2147483647;
			files = (
			);
			inputPaths = (
			);
			name = "Copy Pods Resources";
			outputPaths = (
			);
			runOnlyForDeploymentPostprocessing = 0;
			shellPath = /bin/sh;
			shellScript = "\"${SRCROOT}/Pods/Target Support Files/Pods-BooksSearcher/Pods-BooksSearcher-resources.sh\"\n";
			showEnvVarsInLog = 0;
		};
/* End PBXShellScriptBuildPhase section */

/* Begin PBXSourcesBuildPhase section */
		D28865F81C82C25800E05A0C /* Sources */ = {
			isa = PBXSourcesBuildPhase;
			buildActionMask = 2147483647;
			files = (
				D288661F1C82C31C00E05A0C /* BookTableViewCell.m in Sources */,
				D288661C1C82C2FC00E05A0C /* Book.m in Sources */,
				D288662C1C82C8FA00E05A0C /* BookTableViewCellModel.m in Sources */,
				D28866221C82C34600E05A0C /* BooksSearchTableViewModel.m in Sources */,
				D28866181C82C2D400E05A0C /* BooksSearchTableViewController.m in Sources */,
				D28866291C82C3BC00E05A0C /* BooksSearchService.m in Sources */,
				D28866041C82C25800E05A0C /* AppDelegate.m in Sources */,
				D28866011C82C25800E05A0C /* main.m in Sources */,
			);
			runOnlyForDeploymentPostprocessing = 0;
		};
/* End PBXSourcesBuildPhase section */

/* Begin PBXVariantGroup section */
		D28866081C82C25800E05A0C /* Main.storyboard */ = {
			isa = PBXVariantGroup;
			children = (
				D28866091C82C25800E05A0C /* Base */,
			);
			name = Main.storyboard;
			sourceTree = "<group>";
		};
		D288660D1C82C25800E05A0C /* LaunchScreen.storyboard */ = {
			isa = PBXVariantGroup;
			children = (
				D288660E1C82C25800E05A0C /* Base */,
			);
			name = LaunchScreen.storyboard;
			sourceTree = "<group>";
		};
/* End PBXVariantGroup section */

/* Begin XCBuildConfiguration section */
		D28866111C82C25800E05A0C /* Debug */ = {
			isa = XCBuildConfiguration;
			buildSettings = {
				ALWAYS_SEARCH_USER_PATHS = NO;
				CLANG_CXX_LANGUAGE_STANDARD = "gnu++0x";
				CLANG_CXX_LIBRARY = "libc++";
				CLANG_ENABLE_MODULES = YES;
				CLANG_ENABLE_OBJC_ARC = YES;
				CLANG_WARN_BOOL_CONVERSION = YES;
				CLANG_WARN_CONSTANT_CONVERSION = YES;
				CLANG_WARN_DIRECT_OBJC_ISA_USAGE = YES_ERROR;
				CLANG_WARN_EMPTY_BODY = YES;
				CLANG_WARN_ENUM_CONVERSION = YES;
				CLANG_WARN_INT_CONVERSION = YES;
				CLANG_WARN_OBJC_ROOT_CLASS = YES_ERROR;
				CLANG_WARN_UNREACHABLE_CODE = YES;
				CLANG_WARN__DUPLICATE_METHOD_MATCH = YES;
				"CODE_SIGN_IDENTITY[sdk=iphoneos*]" = "iPhone Developer";
				COPY_PHASE_STRIP = NO;
				DEBUG_INFORMATION_FORMAT = dwarf;
				ENABLE_STRICT_OBJC_MSGSEND = YES;
				ENABLE_TESTABILITY = YES;
				GCC_C_LANGUAGE_STANDARD = gnu99;
				GCC_DYNAMIC_NO_PIC = NO;
				GCC_NO_COMMON_BLOCKS = YES;
				GCC_OPTIMIZATION_LEVEL = 0;
				GCC_PREPROCESSOR_DEFINITIONS = (
					"DEBUG=1",
					"$(inherited)",
				);
				GCC_WARN_64_TO_32_BIT_CONVERSION = YES;
				GCC_WARN_ABOUT_RETURN_TYPE = YES_ERROR;
				GCC_WARN_UNDECLARED_SELECTOR = YES;
				GCC_WARN_UNINITIALIZED_AUTOS = YES_AGGRESSIVE;
				GCC_WARN_UNUSED_FUNCTION = YES;
				GCC_WARN_UNUSED_VARIABLE = YES;
				IPHONEOS_DEPLOYMENT_TARGET = 9.1;
				MTL_ENABLE_DEBUG_INFO = YES;
				ONLY_ACTIVE_ARCH = YES;
				SDKROOT = iphoneos;
				TARGETED_DEVICE_FAMILY = "1,2";
			};
			name = Debug;
		};
		D28866121C82C25800E05A0C /* Release */ = {
			isa = XCBuildConfiguration;
			buildSettings = {
				ALWAYS_SEARCH_USER_PATHS = NO;
				CLANG_CXX_LANGUAGE_STANDARD = "gnu++0x";
				CLANG_CXX_LIBRARY = "libc++";
				CLANG_ENABLE_MODULES = YES;
				CLANG_ENABLE_OBJC_ARC = YES;
				CLANG_WARN_BOOL_CONVERSION = YES;
				CLANG_WARN_CONSTANT_CONVERSION = YES;
				CLANG_WARN_DIRECT_OBJC_ISA_USAGE = YES_ERROR;
				CLANG_WARN_EMPTY_BODY = YES;
				CLANG_WARN_ENUM_CONVERSION = YES;
				CLANG_WARN_INT_CONVERSION = YES;
				CLANG_WARN_OBJC_ROOT_CLASS = YES_ERROR;
				CLANG_WARN_UNREACHABLE_CODE = YES;
				CLANG_WARN__DUPLICATE_METHOD_MATCH = YES;
				"CODE_SIGN_IDENTITY[sdk=iphoneos*]" = "iPhone Developer";
				COPY_PHASE_STRIP = NO;
				DEBUG_INFORMATION_FORMAT = "dwarf-with-dsym";
				ENABLE_NS_ASSERTIONS = NO;
				ENABLE_STRICT_OBJC_MSGSEND = YES;
				GCC_C_LANGUAGE_STANDARD = gnu99;
				GCC_NO_COMMON_BLOCKS = YES;
				GCC_WARN_64_TO_32_BIT_CONVERSION = YES;
				GCC_WARN_ABOUT_RETURN_TYPE = YES_ERROR;
				GCC_WARN_UNDECLARED_SELECTOR = YES;
				GCC_WARN_UNINITIALIZED_AUTOS = YES_AGGRESSIVE;
				GCC_WARN_UNUSED_FUNCTION = YES;
				GCC_WARN_UNUSED_VARIABLE = YES;
				IPHONEOS_DEPLOYMENT_TARGET = 9.1;
				MTL_ENABLE_DEBUG_INFO = NO;
				SDKROOT = iphoneos;
				TARGETED_DEVICE_FAMILY = "1,2";
				VALIDATE_PRODUCT = YES;
			};
			name = Release;
		};
		D28866141C82C25800E05A0C /* Debug */ = {
			isa = XCBuildConfiguration;
			baseConfigurationReference = CBA3E3C0DADA227C2209A73D /* Pods-BooksSearcher.debug.xcconfig */;
			buildSettings = {
				ASSETCATALOG_COMPILER_APPICON_NAME = AppIcon;
				INFOPLIST_FILE = BooksSearcher/Info.plist;
				LD_RUNPATH_SEARCH_PATHS = "$(inherited) @executable_path/Frameworks";
				PRODUCT_BUNDLE_IDENTIFIER = verazeng.BooksSearcher;
				PRODUCT_NAME = "$(TARGET_NAME)";
			};
			name = Debug;
		};
		D28866151C82C25800E05A0C /* Release */ = {
			isa = XCBuildConfiguration;
			baseConfigurationReference = F58C6F2D3DDDCD4035ACE5EB /* Pods-BooksSearcher.release.xcconfig */;
			buildSettings = {
				ASSETCATALOG_COMPILER_APPICON_NAME = AppIcon;
				INFOPLIST_FILE = BooksSearcher/Info.plist;
				LD_RUNPATH_SEARCH_PATHS = "$(inherited) @executable_path/Frameworks";
				PRODUCT_BUNDLE_IDENTIFIER = verazeng.BooksSearcher;
				PRODUCT_NAME = "$(TARGET_NAME)";
			};
			name = Release;
		};
/* End XCBuildConfiguration section */

/* Begin XCConfigurationList section */
		D28865F71C82C25800E05A0C /* Build configuration list for PBXProject "BooksSearcher" */ = {
			isa = XCConfigurationList;
			buildConfigurations = (
				D28866111C82C25800E05A0C /* Debug */,
				D28866121C82C25800E05A0C /* Release */,
			);
			defaultConfigurationIsVisible = 0;
			defaultConfigurationName = Release;
		};
		D28866131C82C25800E05A0C /* Build configuration list for PBXNativeTarget "BooksSearcher" */ = {
			isa = XCConfigurationList;
			buildConfigurations = (
				D28866141C82C25800E05A0C /* Debug */,
				D28866151C82C25800E05A0C /* Release */,
			);
			defaultConfigurationIsVisible = 0;
			defaultConfigurationName = Release;
		};
/* End XCConfigurationList section */
	};
	rootObject = D28865F41C82C25800E05A0C /* Project object */;
}
