// !$*UTF8*$!
{
	archiveVersion = 1;
	classes = {
	};
	objectVersion = 46;
	objects = {

/* Begin PBXBuildFile section */
		D28866011C82C25800E05A0C /* main.m in Sources */ = {isa = PBXBuildFile; fileRef = D28866001C82C25800E05A0C /* main.m */; };
		D28866041C82C25800E05A0C /* AppDelegate.m in Sources */ = {isa = PBXBuildFile; fileRef = D28866031C82C25800E05A0C /* AppDelegate.m */; };
		D28866071C82C25800E05A0C /* ViewController.m in Sources */ = {isa = PBXBuildFile; fileRef = D28866061C82C25800E05A0C /* ViewController.m */; };
		D288660A1C82C25800E05A0C /* Main.storyboard in Resources */ = {isa = PBXBuildFile; fileRef = D28866081C82C25800E05A0C /* Main.storyboard */; };
		D288660C1C82C25800E05A0C /* Assets.xcassets in Resources */ = {isa = PBXBuildFile; fileRef = D288660B1C82C25800E05A0C /* Assets.xcassets */; };
		D288660F1C82C25800E05A0C /* LaunchScreen.storyboard in Resources */ = {isa = PBXBuildFile; fileRef = D288660D1C82C25800E05A0C /* LaunchScreen.storyboard */; };
/* End PBXBuildFile section */

/* Begin PBXFileReference section */
		D28865FC1C82C25800E05A0C /* BooksSearcher.app */ = {isa = PBXFileReference; explicitFileType = wrapper.application; includeInIndex = 0; path = BooksSearcher.app; sourceTree = BUILT_PRODUCTS_DIR; };
		D28866001C82C25800E05A0C /* main.m */ = {isa = PBXFileReference; lastKnownFileType = sourcecode.c.objc; path = main.m; sourceTree = "<group>"; };
		D28866021C82C25800E05A0C /* AppDelegate.h */ = {isa = PBXFileReference; lastKnownFileType = sourcecode.c.h; path = AppDelegate.h; sourceTree = "<group>"; };
		D28866031C82C25800E05A0C /* AppDelegate.m */ = {isa = PBXFileReference; lastKnownFileType = sourcecode.c.objc; path = AppDelegate.m; sourceTree = "<group>"; };
		D28866051C82C25800E05A0C /* ViewController.h */ = {isa = PBXFileReference; lastKnownFileType = sourcecode.c.h; path = ViewController.h; sourceTree = "<group>"; };
		D28866061C82C25800E05A0C /* ViewController.m */ = {isa = PBXFileReference; lastKnownFileType = sourcecode.c.objc; path = ViewController.m; sourceTree = "<group>"; };
		D28866091C82C25800E05A0C /* Base */ = {isa = PBXFileReference; lastKnownFileType = file.storyboard; name = Base; path = Base.lproj/Main.storyboard; sourceTree = "<group>"; };
		D288660B1C82C25800E05A0C /* Assets.xcassets */ = {isa = PBXFileReference; lastKnownFileType = folder.assetcatalog; path = Assets.xcassets; sourceTree = "<group>"; };
		D288660E1C82C25800E05A0C /* Base */ = {isa = PBXFileReference; lastKnownFileType = file.storyboard; name = Base; path = Base.lproj/LaunchScreen.storyboard; sourceTree = "<group>"; };
		D28866101C82C25800E05A0C /* Info.plist */ = {isa = PBXFileReference; lastKnownFileType = text.plist.xml; path = Info.plist; sourceTree = "<group>"; };
/* End PBXFileReference section */

/* Begin PBXFrameworksBuildPhase section */
		D28865F91C82C25800E05A0C /* Frameworks */ = {
			isa = PBXFrameworksBuildPhase;
			buildActionMask = 2147483647;
			files = (
			);
			runOnlyForDeploymentPostprocessing = 0;
		};
/* End PBXFrameworksBuildPhase section */

/* Begin PBXGroup section */
		D28865F31C82C25800E05A0C = {
			isa = PBXGroup;
			children = (
				D28865FE1C82C25800E05A0C /* BooksSearcher */,
				D28865FD1C82C25800E05A0C /* Products */,
			);
			sourceTree = "<group>";
		};
		D28865FD1C82C25800E05A0C /* Products */ = {
			isa = PBXGroup;
			children = (
				D28865FC1C82C25800E05A0C /* BooksSearcher.app */,
			);
			name = Products;
			sourceTree = "<group>";
		};
		D28865FE1C82C25800E05A0C /* BooksSearcher */ = {
			isa = PBXGroup;
			children = (
				D28866021C82C25800E05A0C /* AppDelegate.h */,
				D28866031C82C25800E05A0C /* AppDelegate.m */,
				D28866051C82C25800E05A0C /* ViewController.h */,
				D28866061C82C25800E05A0C /* ViewController.m */,
				D28866081C82C25800E05A0C /* Main.storyboard */,
				D288660B1C82C25800E05A0C /* Assets.xcassets */,
				D288660D1C82C25800E05A0C /* LaunchScreen.storyboard */,
				D28866101C82C25800E05A0C /* Info.plist */,
				D28865FF1C82C25800E05A0C /* Supporting Files */,
			);
			path = BooksSearcher;
			sourceTree = "<group>";
		};
		D28865FF1C82C25800E05A0C /* Supporting Files */ = {
			isa = PBXGroup;
			children = (
				D28866001C82C25800E05A0C /* main.m */,
			);
			name = "Supporting Files";
			sourceTree = "<group>";
		};
/* End PBXGroup section */

/* Begin PBXNativeTarget section */
		D28865FB1C82C25800E05A0C /* BooksSearcher */ = {
			isa = PBXNativeTarget;
			buildConfigurationList = D28866131C82C25800E05A0C /* Build configuration list for PBXNativeTarget "BooksSearcher" */;
			buildPhases = (
				D28865F81C82C25800E05A0C /* Sources */,
				D28865F91C82C25800E05A0C /* Frameworks */,
				D28865FA1C82C25800E05A0C /* Resources */,
			);
			buildRules = (
			);
			dependencies = (
			);
			name = BooksSearcher;
			productName = BooksSearcher;
			productReference = D28865FC1C82C25800E05A0C /* BooksSearcher.app */;
			productType = "com.apple.product-type.application";
		};
/* End PBXNativeTarget section */

/* Begin PBXProject section */
		D28865F41C82C25800E05A0C /* Project object */ = {
			isa = PBXProject;
			attributes = {
				LastUpgradeCheck = 0710;
				ORGANIZATIONNAME = verazeng;
				TargetAttributes = {
					D28865FB1C82C25800E05A0C = {
						CreatedOnToolsVersion = 7.1.1;
					};
				};
			};
			buildConfigurationList = D28865F71C82C25800E05A0C /* Build configuration list for PBXProject "BooksSearcher" */;
			compatibilityVersion = "Xcode 3.2";
			developmentRegion = English;
			hasScannedForEncodings = 0;
			knownRegions = (
				en,
				Base,
			);
			mainGroup = D28865F31C82C25800E05A0C;
			productRefGroup = D28865FD1C82C25800E05A0C /* Products */;
			projectDirPath = "";
			projectRoot = "";
			targets = (
				D28865FB1C82C25800E05A0C /* BooksSearcher */,
			);
		};
/* End PBXProject section */

/* Begin PBXResourcesBuildPhase section */
		D28865FA1C82C25800E05A0C /* Resources */ = {
			isa = PBXResourcesBuildPhase;
			buildActionMask = 2147483647;
			files = (
				D288660F1C82C25800E05A0C /* LaunchScreen.storyboard in Resources */,
				D288660C1C82C25800E05A0C /* Assets.xcassets in Resources */,
				D288660A1C82C25800E05A0C /* Main.storyboard in Resources */,
			);
			runOnlyForDeploymentPostprocessing = 0;
		};
/* End PBXResourcesBuildPhase section */

/* Begin PBXSourcesBuildPhase section */
		D28865F81C82C25800E05A0C /* Sources */ = {
			isa = PBXSourcesBuildPhase;
			buildActionMask = 2147483647;
			files = (
				D28866071C82C25800E05A0C /* ViewController.m in Sources */,
				D28866041C82C25800E05A0C /* AppDelegate.m in Sources */,
				D28866011C82C25800E05A0C /* main.m in Sources */,
			);
			runOnlyForDeploymentPostprocessing = 0;
		};
/* End PBXSourcesBuildPhase section */

/* Begin PBXVariantGroup section */
		D28866081C82C25800E05A0C /* Main.storyboard */ = {
			isa = PBXVariantGroup;
			children = (
				D28866091C82C25800E05A0C /* Base */,
			);
			name = Main.storyboard;
			sourceTree = "<group>";
		};
		D288660D1C82C25800E05A0C /* LaunchScreen.storyboard */ = {
			isa = PBXVariantGroup;
			children = (
				D288660E1C82C25800E05A0C /* Base */,
			);
			name = LaunchScreen.storyboard;
			sourceTree = "<group>";
		};
/* End PBXVariantGroup section */

/* Begin XCBuildConfiguration section */
		D28866111C82C25800E05A0C /* Debug */ = {
			isa = XCBuildConfiguration;
			buildSettings = {
				ALWAYS_SEARCH_USER_PATHS = NO;
				CLANG_CXX_LANGUAGE_STANDARD = "gnu++0x";
				CLANG_CXX_LIBRARY = "libc++";
				CLANG_ENABLE_MODULES = YES;
				CLANG_ENABLE_OBJC_ARC = YES;
				CLANG_WARN_BOOL_CONVERSION = YES;
				CLANG_WARN_CONSTANT_CONVERSION = YES;
				CLANG_WARN_DIRECT_OBJC_ISA_USAGE = YES_ERROR;
				CLANG_WARN_EMPTY_BODY = YES;
				CLANG_WARN_ENUM_CONVERSION = YES;
				CLANG_WARN_INT_CONVERSION = YES;
				CLANG_WARN_OBJC_ROOT_CLASS = YES_ERROR;
				CLANG_WARN_UNREACHABLE_CODE = YES;
				CLANG_WARN__DUPLICATE_METHOD_MATCH = YES;
				"CODE_SIGN_IDENTITY[sdk=iphoneos*]" = "iPhone Developer";
				COPY_PHASE_STRIP = NO;
				DEBUG_INFORMATION_FORMAT = dwarf;
				ENABLE_STRICT_OBJC_MSGSEND = YES;
				ENABLE_TESTABILITY = YES;
				GCC_C_LANGUAGE_STANDARD = gnu99;
				GCC_DYNAMIC_NO_PIC = NO;
				GCC_NO_COMMON_BLOCKS = YES;
				GCC_OPTIMIZATION_LEVEL = 0;
				GCC_PREPROCESSOR_DEFINITIONS = (
					"DEBUG=1",
					"$(inherited)",
				);
				GCC_WARN_64_TO_32_BIT_CONVERSION = YES;
				GCC_WARN_ABOUT_RETURN_TYPE = YES_ERROR;
				GCC_WARN_UNDECLARED_SELECTOR = YES;
				GCC_WARN_UNINITIALIZED_AUTOS = YES_AGGRESSIVE;
				GCC_WARN_UNUSED_FUNCTION = YES;
				GCC_WARN_UNUSED_VARIABLE = YES;
				IPHONEOS_DEPLOYMENT_TARGET = 9.1;
				MTL_ENABLE_DEBUG_INFO = YES;
				ONLY_ACTIVE_ARCH = YES;
				SDKROOT = iphoneos;
				TARGETED_DEVICE_FAMILY = "1,2";
			};
			name = Debug;
		};
		D28866121C82C25800E05A0C /* Release */ = {
			isa = XCBuildConfiguration;
			buildSettings = {
				ALWAYS_SEARCH_USER_PATHS = NO;
				CLANG_CXX_LANGUAGE_STANDARD = "gnu++0x";
				CLANG_CXX_LIBRARY = "libc++";
				CLANG_ENABLE_MODULES = YES;
				CLANG_ENABLE_OBJC_ARC = YES;
				CLANG_WARN_BOOL_CONVERSION = YES;
				CLANG_WARN_CONSTANT_CONVERSION = YES;
				CLANG_WARN_DIRECT_OBJC_ISA_USAGE = YES_ERROR;
				CLANG_WARN_EMPTY_BODY = YES;
				CLANG_WARN_ENUM_CONVERSION = YES;
				CLANG_WARN_INT_CONVERSION = YES;
				CLANG_WARN_OBJC_ROOT_CLASS = YES_ERROR;
				CLANG_WARN_UNREACHABLE_CODE = YES;
				CLANG_WARN__DUPLICATE_METHOD_MATCH = YES;
				"CODE_SIGN_IDENTITY[sdk=iphoneos*]" = "iPhone Developer";
				COPY_PHASE_STRIP = NO;
				DEBUG_INFORMATION_FORMAT = "dwarf-with-dsym";
				ENABLE_NS_ASSERTIONS = NO;
				ENABLE_STRICT_OBJC_MSGSEND = YES;
				GCC_C_LANGUAGE_STANDARD = gnu99;
				GCC_NO_COMMON_BLOCKS = YES;
				GCC_WARN_64_TO_32_BIT_CONVERSION = YES;
				GCC_WARN_ABOUT_RETURN_TYPE = YES_ERROR;
				GCC_WARN_UNDECLARED_SELECTOR = YES;
				GCC_WARN_UNINITIALIZED_AUTOS = YES_AGGRESSIVE;
				GCC_WARN_UNUSED_FUNCTION = YES;
				GCC_WARN_UNUSED_VARIABLE = YES;
				IPHONEOS_DEPLOYMENT_TARGET = 9.1;
				MTL_ENABLE_DEBUG_INFO = NO;
				SDKROOT = iphoneos;
				TARGETED_DEVICE_FAMILY = "1,2";
				VALIDATE_PRODUCT = YES;
			};
			name = Release;
		};
		D28866141C82C25800E05A0C /* Debug */ = {
			isa = XCBuildConfiguration;
			buildSettings = {
				ASSETCATALOG_COMPILER_APPICON_NAME = AppIcon;
				INFOPLIST_FILE = BooksSearcher/Info.plist;
				LD_RUNPATH_SEARCH_PATHS = "$(inherited) @executable_path/Frameworks";
				PRODUCT_BUNDLE_IDENTIFIER = verazeng.BooksSearcher;
				PRODUCT_NAME = "$(TARGET_NAME)";
			};
			name = Debug;
		};
		D28866151C82C25800E05A0C /* Release */ = {
			isa = XCBuildConfiguration;
			buildSettings = {
				ASSETCATALOG_COMPILER_APPICON_NAME = AppIcon;
				INFOPLIST_FILE = BooksSearcher/Info.plist;
				LD_RUNPATH_SEARCH_PATHS = "$(inherited) @executable_path/Frameworks";
				PRODUCT_BUNDLE_IDENTIFIER = verazeng.BooksSearcher;
				PRODUCT_NAME = "$(TARGET_NAME)";
			};
			name = Release;
		};
/* End XCBuildConfiguration section */

/* Begin XCConfigurationList section */
		D28865F71C82C25800E05A0C /* Build configuration list for PBXProject "BooksSearcher" */ = {
			isa = XCConfigurationList;
			buildConfigurations = (
				D28866111C82C25800E05A0C /* Debug */,
				D28866121C82C25800E05A0C /* Release */,
			);
			defaultConfigurationIsVisible = 0;
			defaultConfigurationName = Release;
		};
		D28866131C82C25800E05A0C /* Build configuration list for PBXNativeTarget "BooksSearcher" */ = {
			isa = XCConfigurationList;
			buildConfigurations = (
				D28866141C82C25800E05A0C /* Debug */,
				D28866151C82C25800E05A0C /* Release */,
			);
			defaultConfigurationIsVisible = 0;
		};
/* End XCConfigurationList section */
	};
	rootObject = D28865F41C82C25800E05A0C /* Project object */;
}
